
Microsoft Visual Studio Solution File, Format Version 12.00
# Visual Studio Version 17
VisualStudioVersion = 17.8.34525.116
MinimumVisualStudioVersion = 10.0.40219.1
Project("{FAE04EC0-301F-11D3-BF4B-00C04F79EFBC}") = "H1B-Viz", "H1B-Viz.csproj", "{5293683E-9A64-4FC8-95A1-44B858F6C910}"
EndProject
Global
	GlobalSection(SolutionConfigurationPlatforms) = preSolution
		Debug|Any CPU = Debug|Any CPU
		Release|Any CPU = Release|Any CPU
	EndGlobalSection
	GlobalSection(ProjectConfigurationPlatforms) = postSolution
		{5293683E-9A64-4FC8-95A1-44B858F6C910}.Debug|Any CPU.ActiveCfg = Debug|Any CPU
		{5293683E-9A64-4FC8-95A1-44B858F6C910}.Debug|Any CPU.Build.0 = Debug|Any CPU
		{5293683E-9A64-4FC8-95A1-44B858F6C910}.Release|Any CPU.ActiveCfg = Release|Any CPU
		{5293683E-9A64-4FC8-95A1-44B858F6C910}.Release|Any CPU.Build.0 = Release|Any CPU
	EndGlobalSection
	GlobalSection(SolutionProperties) = preSolution
		HideSolutionNode = FALSE
	EndGlobalSection
	GlobalSection(ExtensibilityGlobals) = postSolution
		SolutionGuid = {58A9C43E-C036-485F-9A31-BF6DAFA58DE2}
	EndGlobalSection
EndGlobal
